
Microsoft Visual Studio Solution File, Format Version 12.00
# Visual Studio Version 17
VisualStudioVersion = 17.0.31903.59
MinimumVisualStudioVersion = 10.0.40219.1
Project("{2150E333-8FDC-42A3-9474-1A3956D46DE8}") = "src", "src", "{827E0CD3-B72D-47B6-A68D-7590B98EB39B}"
EndProject
Project("{FAE04EC0-301F-11D3-BF4B-00C04F79EFBC}") = "MasterDuelSwitcher.Core", "src\MasterDuelSwitcher.Core\MasterDuelSwitcher.Core.csproj", "{80BF81C3-843D-4F04-9B99-31E6CFDF4B47}"
EndProject
Project("{FAE04EC0-301F-11D3-BF4B-00C04F79EFBC}") = "MasterDuelSwitcher.App", "src\MasterDuelSwitcher.App\MasterDuelSwitcher.App.csproj", "{D129D8AE-1773-4BBF-A95C-4702AACEDD7D}"
EndProject
Project("{2150E333-8FDC-42A3-9474-1A3956D46DE8}") = "tests", "tests", "{0AB3BF05-4346-4AA6-1389-037BE0695223}"
EndProject
Project("{FAE04EC0-301F-11D3-BF4B-00C04F79EFBC}") = "MasterDuelSwitcher.Tests", "tests\MasterDuelSwitcher.Tests\MasterDuelSwitcher.Tests.csproj", "{8E03B321-F67E-4689-A6A2-850415730023}"
EndProject
Project("{FAE04EC0-301F-11D3-BF4B-00C04F79EFBC}") = "MasterDuelSwitcher.UiProbe", "tests\MasterDuelSwitcher.UiProbe\MasterDuelSwitcher.UiProbe.csproj", "{0EB07BA7-843C-43D5-B2BF-8919434CDBAB}"
EndProject
Project("{FAE04EC0-301F-11D3-BF4B-00C04F79EFBC}") = "MasterDuelSwitcher.App.Tests", "tests\MasterDuelSwitcher.App.Tests\MasterDuelSwitcher.App.Tests.csproj", "{C0FD2983-5635-4ACA-9808-38C1A9C80582}"
EndProject
Global
	GlobalSection(SolutionConfigurationPlatforms) = preSolution
		Debug|Any CPU = Debug|Any CPU
		Debug|x64 = Debug|x64
		Debug|x86 = Debug|x86
		Release|Any CPU = Release|Any CPU
		Release|x64 = Release|x64
		Release|x86 = Release|x86
	EndGlobalSection
	GlobalSection(ProjectConfigurationPlatforms) = postSolution
		{80BF81C3-843D-4F04-9B99-31E6CFDF4B47}.Debug|Any CPU.ActiveCfg = Debug|Any CPU
		{80BF81C3-843D-4F04-9B99-31E6CFDF4B47}.Debug|Any CPU.Build.0 = Debug|Any CPU
		{80BF81C3-843D-4F04-9B99-31E6CFDF4B47}.Debug|x64.ActiveCfg = Debug|Any CPU
		{80BF81C3-843D-4F04-9B99-31E6CFDF4B47}.Debug|x64.Build.0 = Debug|Any CPU
		{80BF81C3-843D-4F04-9B99-31E6CFDF4B47}.Debug|x86.ActiveCfg = Debug|Any CPU
		{80BF81C3-843D-4F04-9B99-31E6CFDF4B47}.Debug|x86.Build.0 = Debug|Any CPU
		{80BF81C3-843D-4F04-9B99-31E6CFDF4B47}.Release|Any CPU.ActiveCfg = Release|Any CPU
		{80BF81C3-843D-4F04-9B99-31E6CFDF4B47}.Release|Any CPU.Build.0 = Release|Any CPU
		{80BF81C3-843D-4F04-9B99-31E6CFDF4B47}.Release|x64.ActiveCfg = Release|Any CPU
		{80BF81C3-843D-4F04-9B99-31E6CFDF4B47}.Release|x64.Build.0 = Release|Any CPU
		{80BF81C3-843D-4F04-9B99-31E6CFDF4B47}.Release|x86.ActiveCfg = Release|Any CPU
		{80BF81C3-843D-4F04-9B99-31E6CFDF4B47}.Release|x86.Build.0 = Release|Any CPU
		{D129D8AE-1773-4BBF-A95C-4702AACEDD7D}.Debug|Any CPU.ActiveCfg = Debug|Any CPU
		{D129D8AE-1773-4BBF-A95C-4702AACEDD7D}.Debug|Any CPU.Build.0 = Debug|Any CPU
		{D129D8AE-1773-4BBF-A95C-4702AACEDD7D}.Debug|x64.ActiveCfg = Debug|Any CPU
		{D129D8AE-1773-4BBF-A95C-4702AACEDD7D}.Debug|x64.Build.0 = Debug|Any CPU
		{D129D8AE-1773-4BBF-A95C-4702AACEDD7D}.Debug|x86.ActiveCfg = Debug|Any CPU
		{D129D8AE-1773-4BBF-A95C-4702AACEDD7D}.Debug|x86.Build.0 = Debug|Any CPU
		{D129D8AE-1773-4BBF-A95C-4702AACEDD7D}.Release|Any CPU.ActiveCfg = Release|Any CPU
		{D129D8AE-1773-4BBF-A95C-4702AACEDD7D}.Release|Any CPU.Build.0 = Release|Any CPU
		{D129D8AE-1773-4BBF-A95C-4702AACEDD7D}.Release|x64.ActiveCfg = Release|Any CPU
		{D129D8AE-1773-4BBF-A95C-4702AACEDD7D}.Release|x64.Build.0 = Release|Any CPU
		{D129D8AE-1773-4BBF-A95C-4702AACEDD7D}.Release|x86.ActiveCfg = Release|Any CPU
		{D129D8AE-1773-4BBF-A95C-4702AACEDD7D}.Release|x86.Build.0 = Release|Any CPU
		{8E03B321-F67E-4689-A6A2-850415730023}.Debug|Any CPU.ActiveCfg = Debug|Any CPU
		{8E03B321-F67E-4689-A6A2-850415730023}.Debug|Any CPU.Build.0 = Debug|Any CPU
		{8E03B321-F67E-4689-A6A2-850415730023}.Debug|x64.ActiveCfg = Debug|Any CPU
		{8E03B321-F67E-4689-A6A2-850415730023}.Debug|x64.Build.0 = Debug|Any CPU
		{8E03B321-F67E-4689-A6A2-850415730023}.Debug|x86.ActiveCfg = Debug|Any CPU
		{8E03B321-F67E-4689-A6A2-850415730023}.Debug|x86.Build.0 = Debug|Any CPU
		{8E03B321-F67E-4689-A6A2-850415730023}.Release|Any CPU.ActiveCfg = Release|Any CPU
		{8E03B321-F67E-4689-A6A2-850415730023}.Release|Any CPU.Build.0 = Release|Any CPU
		{8E03B321-F67E-4689-A6A2-850415730023}.Release|x64.ActiveCfg = Release|Any CPU
		{8E03B321-F67E-4689-A6A2-850415730023}.Release|x64.Build.0 = Release|Any CPU
		{8E03B321-F67E-4689-A6A2-850415730023}.Release|x86.ActiveCfg = Release|Any CPU
		{8E03B321-F67E-4689-A6A2-850415730023}.Release|x86.Build.0 = Release|Any CPU
		{0EB07BA7-843C-43D5-B2BF-8919434CDBAB}.Debug|Any CPU.ActiveCfg = Debug|Any CPU
		{0EB07BA7-843C-43D5-B2BF-8919434CDBAB}.Debug|Any CPU.Build.0 = Debug|Any CPU
		{0EB07BA7-843C-43D5-B2BF-8919434CDBAB}.Debug|x64.ActiveCfg = Debug|Any CPU
		{0EB07BA7-843C-43D5-B2BF-8919434CDBAB}.Debug|x64.Build.0 = Debug|Any CPU
		{0EB07BA7-843C-43D5-B2BF-8919434CDBAB}.Debug|x86.ActiveCfg = Debug|Any CPU
		{0EB07BA7-843C-43D5-B2BF-8919434CDBAB}.Debug|x86.Build.0 = Debug|Any CPU
		{0EB07BA7-843C-43D5-B2BF-8919434CDBAB}.Release|Any CPU.ActiveCfg = Release|Any CPU
		{0EB07BA7-843C-43D5-B2BF-8919434CDBAB}.Release|Any CPU.Build.0 = Release|Any CPU
		{0EB07BA7-843C-43D5-B2BF-8919434CDBAB}.Release|x64.ActiveCfg = Release|Any CPU
		{0EB07BA7-843C-43D5-B2BF-8919434CDBAB}.Release|x64.Build.0 = Release|Any CPU
		{0EB07BA7-843C-43D5-B2BF-8919434CDBAB}.Release|x86.ActiveCfg = Release|Any CPU
		{0EB07BA7-843C-43D5-B2BF-8919434CDBAB}.Release|x86.Build.0 = Release|Any CPU
		{C0FD2983-5635-4ACA-9808-38C1A9C80582}.Debug|Any CPU.ActiveCfg = Debug|Any CPU
		{C0FD2983-5635-4ACA-9808-38C1A9C80582}.Debug|Any CPU.Build.0 = Debug|Any CPU
		{C0FD2983-5635-4ACA-9808-38C1A9C80582}.Debug|x64.ActiveCfg = Debug|Any CPU
		{C0FD2983-5635-4ACA-9808-38C1A9C80582}.Debug|x64.Build.0 = Debug|Any CPU
		{C0FD2983-5635-4ACA-9808-38C1A9C80582}.Debug|x86.ActiveCfg = Debug|Any CPU
		{C0FD2983-5635-4ACA-9808-38C1A9C80582}.Debug|x86.Build.0 = Debug|Any CPU
		{C0FD2983-5635-4ACA-9808-38C1A9C80582}.Release|Any CPU.ActiveCfg = Release|Any CPU
		{C0FD2983-5635-4ACA-9808-38C1A9C80582}.Release|Any CPU.Build.0 = Release|Any CPU
		{C0FD2983-5635-4ACA-9808-38C1A9C80582}.Release|x64.ActiveCfg = Release|Any CPU
		{C0FD2983-5635-4ACA-9808-38C1A9C80582}.Release|x64.Build.0 = Release|Any CPU
		{C0FD2983-5635-4ACA-9808-38C1A9C80582}.Release|x86.ActiveCfg = Release|Any CPU
		{C0FD2983-5635-4ACA-9808-38C1A9C80582}.Release|x86.Build.0 = Release|Any CPU
	EndGlobalSection
	GlobalSection(SolutionProperties) = preSolution
		HideSolutionNode = FALSE
	EndGlobalSection
	GlobalSection(NestedProjects) = preSolution
		{80BF81C3-843D-4F04-9B99-31E6CFDF4B47} = {827E0CD3-B72D-47B6-A68D-7590B98EB39B}
		{D129D8AE-1773-4BBF-A95C-4702AACEDD7D} = {827E0CD3-B72D-47B6-A68D-7590B98EB39B}
		{8E03B321-F67E-4689-A6A2-850415730023} = {0AB3BF05-4346-4AA6-1389-037BE0695223}
		{0EB07BA7-843C-43D5-B2BF-8919434CDBAB} = {0AB3BF05-4346-4AA6-1389-037BE0695223}
		{C0FD2983-5635-4ACA-9808-38C1A9C80582} = {0AB3BF05-4346-4AA6-1389-037BE0695223}
	EndGlobalSection
EndGlobal
